
Microsoft Visual Studio Solution File, Format Version 12.00
# Visual Studio 15
VisualStudioVersion = 15.0.28010.2003
MinimumVisualStudioVersion = 10.0.40219.1
Project("{8BC9CEB8-8B4A-11D0-8D11-00A0C91BC942}") = "Guess_the_Animal", "Guess_the_Animal\Guess_the_Animal.vcxproj", "{C114FC4E-1955-4922-92E0-01445B62FBAF}"
EndProject
Global
	GlobalSection(SolutionConfigurationPlatforms) = preSolution
		Debug|x64 = Debug|x64
		Debug|x86 = Debug|x86
		Release|x64 = Release|x64
		Release|x86 = Release|x86
	EndGlobalSection
	GlobalSection(ProjectConfigurationPlatforms) = postSolution
		{C114FC4E-1955-4922-92E0-01445B62FBAF}.Debug|x64.ActiveCfg = Debug|x64
		{C114FC4E-1955-4922-92E0-01445B62FBAF}.Debug|x64.Build.0 = Debug|x64
		{C114FC4E-1955-4922-92E0-01445B62FBAF}.Debug|x86.ActiveCfg = Debug|Win32
		{C114FC4E-1955-4922-92E0-01445B62FBAF}.Debug|x86.Build.0 = Debug|Win32
		{C114FC4E-1955-4922-92E0-01445B62FBAF}.Release|x64.ActiveCfg = Release|x64
		{C114FC4E-1955-4922-92E0-01445B62FBAF}.Release|x64.Build.0 = Release|x64
		{C114FC4E-1955-4922-92E0-01445B62FBAF}.Release|x86.ActiveCfg = Release|Win32
		{C114FC4E-1955-4922-92E0-01445B62FBAF}.Release|x86.Build.0 = Release|Win32
	EndGlobalSection
	GlobalSection(SolutionProperties) = preSolution
		HideSolutionNode = FALSE
	EndGlobalSection
	GlobalSection(ExtensibilityGlobals) = postSolution
		SolutionGuid = {F0FFE675-DBC7-44FF-8556-6B0386CCE394}
	EndGlobalSection
EndGlobal
